
Microsoft Visual Studio Solution File, Format Version 12.00
# Visual Studio 2013
VisualStudioVersion = 12.0.31101.0
MinimumVisualStudioVersion = 10.0.40219.1
Project("{FAE04EC0-301F-11D3-BF4B-00C04F79EFBC}") = "AngularJSAuthentication.API", "AngularJSAuthentication.API\AngularJSAuthentication.API.csproj", "{43425C29-25A0-45CE-9BEF-EB9615282676}"
EndProject
Project("{FAE04EC0-301F-11D3-BF4B-00C04F79EFBC}") = "AngularJSAuthentication.Web", "AngularJSAuthentication.Web\AngularJSAuthentication.Web.csproj", "{DCB0E33D-2549-4949-9D2A-D1D96F997C5E}"
EndProject
Global
	GlobalSection(SolutionConfigurationPlatforms) = preSolution
		Debug|Any CPU = Debug|Any CPU
		Release|Any CPU = Release|Any CPU
	EndGlobalSection
	GlobalSection(ProjectConfigurationPlatforms) = postSolution
		{43425C29-25A0-45CE-9BEF-EB9615282676}.Debug|Any CPU.ActiveCfg = Debug|Any CPU
		{43425C29-25A0-45CE-9BEF-EB9615282676}.Debug|Any CPU.Build.0 = Debug|Any CPU
		{43425C29-25A0-45CE-9BEF-EB9615282676}.Release|Any CPU.ActiveCfg = Release|Any CPU
		{43425C29-25A0-45CE-9BEF-EB9615282676}.Release|Any CPU.Build.0 = Release|Any CPU
		{DCB0E33D-2549-4949-9D2A-D1D96F997C5E}.Debug|Any CPU.ActiveCfg = Debug|Any CPU
		{DCB0E33D-2549-4949-9D2A-D1D96F997C5E}.Debug|Any CPU.Build.0 = Debug|Any CPU
		{DCB0E33D-2549-4949-9D2A-D1D96F997C5E}.Release|Any CPU.ActiveCfg = Release|Any CPU
		{DCB0E33D-2549-4949-9D2A-D1D96F997C5E}.Release|Any CPU.Build.0 = Release|Any CPU
	EndGlobalSection
	GlobalSection(SolutionProperties) = preSolution
		HideSolutionNode = FALSE
	EndGlobalSection
EndGlobal
